github.com/apple/pkl-go v0.6.0 h1:v7y9GqGanyUoa5NaYA/gjrlNblWY3g0F+5/5iheHR0o=
github.com/apple/pkl-go v0.6.0/go.mod h1:xr5s9RAJdlEHU2efRenGiWkE0gssttQs0LE1HyBY2LQ=
github.com/vmihailenco/msgpack/v5 v5.4.1 h1:cQriyiUvjTwOHg8QZaPihLWeRAAVoCpE00IUPn0Bjt8=
github.com/vmihailenco/msgpack/v5 v5.4.1/go.mod h1:GaZTsDaehaPpQVyxrf5mtQlH+pc21PIudVV/E3rRQok=
github.com/vmihailenco/tagparser/v2 v2.0.0 h1:y09buUbR+b5aycVFQs/g70pqKVZNBmxwAhO7/IwNM9g=
github.com/vmihailenco/tagparser/v2 v2.0.0/go.mod h1:Wri+At7QHww0WTrCBeu4J6bNtoV6mEfg5OIWRZA9qds=
